
Microsoft Visual Studio Solution File, Format Version 12.00
# Visual Studio Version 17
VisualStudioVersion = 17.10.35013.160
MinimumVisualStudioVersion = 10.0.40219.1
Project("{9A19103F-16F7-4668-BE54-9A1E7A4F7556}") = "CrudApp", "CrudApp\CrudApp.csproj", "{AF5B5B2B-4210-4C94-9A16-7E2B82D27328}"
EndProject
Project("{FAE04EC0-301F-11D3-BF4B-00C04F79EFBC}") = "Tests_SQLSThingsRepository", "Tests_SQLSThingsRepository\Tests_SQLSThingsRepository.csproj", "{1DA11C11-68DF-4970-B12D-A61FC5FA0B83}"
EndProject
Global
	GlobalSection(SolutionConfigurationPlatforms) = preSolution
		Debug|Any CPU = Debug|Any CPU
		Release|Any CPU = Release|Any CPU
	EndGlobalSection
	GlobalSection(ProjectConfigurationPlatforms) = postSolution
		{AF5B5B2B-4210-4C94-9A16-7E2B82D27328}.Debug|Any CPU.ActiveCfg = Debug|Any CPU
		{AF5B5B2B-4210-4C94-9A16-7E2B82D27328}.Debug|Any CPU.Build.0 = Debug|Any CPU
		{AF5B5B2B-4210-4C94-9A16-7E2B82D27328}.Release|Any CPU.ActiveCfg = Release|Any CPU
		{AF5B5B2B-4210-4C94-9A16-7E2B82D27328}.Release|Any CPU.Build.0 = Release|Any CPU
		{1DA11C11-68DF-4970-B12D-A61FC5FA0B83}.Debug|Any CPU.ActiveCfg = Debug|Any CPU
		{1DA11C11-68DF-4970-B12D-A61FC5FA0B83}.Debug|Any CPU.Build.0 = Debug|Any CPU
		{1DA11C11-68DF-4970-B12D-A61FC5FA0B83}.Release|Any CPU.ActiveCfg = Release|Any CPU
		{1DA11C11-68DF-4970-B12D-A61FC5FA0B83}.Release|Any CPU.Build.0 = Release|Any CPU
	EndGlobalSection
	GlobalSection(SolutionProperties) = preSolution
		HideSolutionNode = FALSE
	EndGlobalSection
	GlobalSection(ExtensibilityGlobals) = postSolution
		SolutionGuid = {FF62BE44-D324-407B-9DFE-48DE1ADC0C1E}
	EndGlobalSection
EndGlobal
